// !$*UTF8*$!
{
	archiveVersion = 1;
	classes = {
	};
	objectVersion = 50;
	objects = {

/* Begin PBXBuildFile section */
		DC72F7241B9675B5002BF906 /* AppDelegate.swift in Sources */ = {isa = PBXBuildFile; fileRef = DC72F7231B9675B5002BF906 /* AppDelegate.swift */; };
		DC72F7261B9675B5002BF906 /* ViewController.swift in Sources */ = {isa = PBXBuildFile; fileRef = DC72F7251B9675B5002BF906 /* ViewController.swift */; };
		DC72F7291B9675B5002BF906 /* Main.storyboard in Resources */ = {isa = PBXBuildFile; fileRef = DC72F7271B9675B5002BF906 /* Main.storyboard */; };
		DC72F72B1B9675B5002BF906 /* Assets.xcassets in Resources */ = {isa = PBXBuildFile; fileRef = DC72F72A1B9675B5002BF906 /* Assets.xcassets */; };
		DC72F72E1B9675B5002BF906 /* LaunchScreen.storyboard in Resources */ = {isa = PBXBuildFile; fileRef = DC72F72C1B9675B5002BF906 /* LaunchScreen.storyboard */; };
/* End PBXBuildFile section */

/* Begin PBXFileReference section */
		DC72F7201B9675B5002BF906 /* SO-32342486.app */ = {isa = PBXFileReference; explicitFileType = wrapper.application; includeInIndex = 0; path = "SO-32342486.app"; sourceTree = BUILT_PRODUCTS_DIR; };
		DC72F7231B9675B5002BF906 /* AppDelegate.swift */ = {isa = PBXFileReference; lastKnownFileType = sourcecode.swift; path = AppDelegate.swift; sourceTree = "<group>"; };
		DC72F7251B9675B5002BF906 /* ViewController.swift */ = {isa = PBXFileReference; lastKnownFileType = sourcecode.swift; path = ViewController.swift; sourceTree = "<group>"; };
		DC72F7281B9675B5002BF906 /* Base */ = {isa = PBXFileReference; lastKnownFileType = file.storyboard; name = Base; path = Base.lproj/Main.storyboard; sourceTree = "<group>"; };
		DC72F72A1B9675B5002BF906 /* Assets.xcassets */ = {isa = PBXFileReference; lastKnownFileType = folder.assetcatalog; path = Assets.xcassets; sourceTree = "<group>"; };
		DC72F72D1B9675B5002BF906 /* Base */ = {isa = PBXFileReference; lastKnownFileType = file.storyboard; name = Base; path = Base.lproj/LaunchScreen.storyboard; sourceTree = "<group>"; };
		DC72F72F1B9675B5002BF906 /* Info.plist */ = {isa = PBXFileReference; lastKnownFileType = text.plist.xml; path = Info.plist; sourceTree = "<group>"; };
/* End PBXFileReference section */

/* Begin PBXFrameworksBuildPhase section */
		DC72F71D1B9675B5002BF906 /* Frameworks */ = {
			isa = PBXFrameworksBuildPhase;
			buildActionMask = 2147483647;
			files = (
			);
			runOnlyForDeploymentPostprocessing = 0;
		};
/* End PBXFrameworksBuildPhase section */

/* Begin PBXGroup section */
		DC72F7171B9675B5002BF906 = {
			isa = PBXGroup;
			children = (
				DC72F7221B9675B5002BF906 /* SO-32342486 */,
				DC72F7211B9675B5002BF906 /* Products */,
			);
			sourceTree = "<group>";
		};
		DC72F7211B9675B5002BF906 /* Products */ = {
			isa = PBXGroup;
			children = (
				DC72F7201B9675B5002BF906 /* SO-32342486.app */,
			);
			name = Products;
			sourceTree = "<group>";
		};
		DC72F7221B9675B5002BF906 /* SO-32342486 */ = {
			isa = PBXGroup;
			children = (
				DC72F7231B9675B5002BF906 /* AppDelegate.swift */,
				DC72F7251B9675B5002BF906 /* ViewController.swift */,
				DC72F7271B9675B5002BF906 /* Main.storyboard */,
				DC72F72A1B9675B5002BF906 /* Assets.xcassets */,
				DC72F72C1B9675B5002BF906 /* LaunchScreen.storyboard */,
				DC72F72F1B9675B5002BF906 /* Info.plist */,
			);
			path = "SO-32342486";
			sourceTree = "<group>";
		};
/* End PBXGroup section */

/* Begin PBXNativeTarget section */
		DC72F71F1B9675B5002BF906 /* SO-32342486 */ = {
			isa = PBXNativeTarget;
			buildConfigurationList = DC72F7321B9675B5002BF906 /* Build configuration list for PBXNativeTarget "SO-32342486" */;
			buildPhases = (
				DC72F71C1B9675B5002BF906 /* Sources */,
				DC72F71D1B9675B5002BF906 /* Frameworks */,
				DC72F71E1B9675B5002BF906 /* Resources */,
			);
			buildRules = (
			);
			dependencies = (
			);
			name = "SO-32342486";
			productName = "SO-32342486";
			productReference = DC72F7201B9675B5002BF906 /* SO-32342486.app */;
			productType = "com.apple.product-type.application";
		};
/* End PBXNativeTarget section */

/* Begin PBXProject section */
		DC72F7181B9675B5002BF906 /* Project object */ = {
			isa = PBXProject;
			attributes = {
				LastUpgradeCheck = 0940;
				ORGANIZATIONNAME = SwiftArchitect;
				TargetAttributes = {
					DC72F71F1B9675B5002BF906 = {
						CreatedOnToolsVersion = 7.0;
						DevelopmentTeam = 55K7THBUV8;
						LastSwiftMigration = 0940;
					};
				};
			};
			buildConfigurationList = DC72F71B1B9675B5002BF906 /* Build configuration list for PBXProject "SO-32342486" */;
			compatibilityVersion = "Xcode 9.3";
			developmentRegion = English;
			hasScannedForEncodings = 0;
			knownRegions = (
				en,
				Base,
			);
			mainGroup = DC72F7171B9675B5002BF906;
			productRefGroup = DC72F7211B9675B5002BF906 /* Products */;
			projectDirPath = "";
			projectRoot = "";
			targets = (
				DC72F71F1B9675B5002BF906 /* SO-32342486 */,
			);
		};
/* End PBXProject section */

/* Begin PBXResourcesBuildPhase section */
		DC72F71E1B9675B5002BF906 /* Resources */ = {
			isa = PBXResourcesBuildPhase;
			buildActionMask = 2147483647;
			files = (
				DC72F72E1B9675B5002BF906 /* LaunchScreen.storyboard in Resources */,
				DC72F72B1B9675B5002BF906 /* Assets.xcassets in Resources */,
				DC72F7291B9675B5002BF906 /* Main.storyboard in Resources */,
			);
			runOnlyForDeploymentPostprocessing = 0;
		};
/* End PBXResourcesBuildPhase section */

/* Begin PBXSourcesBuildPhase section */
		DC72F71C1B9675B5002BF906 /* Sources */ = {
			isa = PBXSourcesBuildPhase;
			buildActionMask = 2147483647;
			files = (
				DC72F7261B9675B5002BF906 /* ViewController.swift in Sources */,
				DC72F7241B9675B5002BF906 /* AppDelegate.swift in Sources */,
			);
			runOnlyForDeploymentPostprocessing = 0;
		};
/* End PBXSourcesBuildPhase section */

/* Begin PBXVariantGroup section */
		DC72F7271B9675B5002BF906 /* Main.storyboard */ = {
			isa = PBXVariantGroup;
			children = (
				DC72F7281B9675B5002BF906 /* Base */,
			);
			name = Main.storyboard;
			sourceTree = "<group>";
		};
		DC72F72C1B9675B5002BF906 /* LaunchScreen.storyboard */ = {
			isa = PBXVariantGroup;
			children = (
				DC72F72D1B9675B5002BF906 /* Base */,
			);
			name = LaunchScreen.storyboard;
			sourceTree = "<group>";
		};
/* End PBXVariantGroup section */

/* Begin XCBuildConfiguration section */
		DC72F7301B9675B5002BF906 /* Debug */ = {
			isa = XCBuildConfiguration;
			buildSettings = {
				ALWAYS_SEARCH_USER_PATHS = NO;
				CLANG_CXX_LANGUAGE_STANDARD = "gnu++0x";
				CLANG_CXX_LIBRARY = "libc++";
				CLANG_ENABLE_MODULES = YES;
				CLANG_ENABLE_OBJC_ARC = YES;
				CLANG_WARN_BLOCK_CAPTURE_AUTORELEASING = YES;
				CLANG_WARN_BOOL_CONVERSION = YES;
				CLANG_WARN_COMMA = YES;
				CLANG_WARN_CONSTANT_CONVERSION = YES;
				CLANG_WARN_DEPRECATED_OBJC_IMPLEMENTATIONS = YES;
				CLANG_WARN_DIRECT_OBJC_ISA_USAGE = YES_ERROR;
				CLANG_WARN_EMPTY_BODY = YES;
				CLANG_WARN_ENUM_CONVERSION = YES;
				CLANG_WARN_INFINITE_RECURSION = YES;
				CLANG_WARN_INT_CONVERSION = YES;
				CLANG_WARN_NON_LITERAL_NULL_CONVERSION = YES;
				CLANG_WARN_OBJC_IMPLICIT_RETAIN_SELF = YES;
				CLANG_WARN_OBJC_LITERAL_CONVERSION = YES;
				CLANG_WARN_OBJC_ROOT_CLASS = YES_ERROR;
				CLANG_WARN_RANGE_LOOP_ANALYSIS = YES;
				CLANG_WARN_STRICT_PROTOTYPES = YES;
				CLANG_WARN_SUSPICIOUS_MOVE = YES;
				CLANG_WARN_UNREACHABLE_CODE = YES;
				CLANG_WARN__DUPLICATE_METHOD_MATCH = YES;
				"CODE_SIGN_IDENTITY[sdk=iphoneos*]" = "iPhone Developer";
				COPY_PHASE_STRIP = NO;
				DEBUG_INFORMATION_FORMAT = dwarf;
				ENABLE_STRICT_OBJC_MSGSEND = YES;
				ENABLE_TESTABILITY = YES;
				GCC_C_LANGUAGE_STANDARD = gnu99;
				GCC_DYNAMIC_NO_PIC = NO;
				GCC_NO_COMMON_BLOCKS = YES;
				GCC_OPTIMIZATION_LEVEL = 0;
				GCC_PREPROCESSOR_DEFINITIONS = (
					"DEBUG=1",
					"$(inherited)",
				);
				GCC_WARN_64_TO_32_BIT_CONVERSION = YES;
				GCC_WARN_ABOUT_RETURN_TYPE = YES_ERROR;
				GCC_WARN_UNDECLARED_SELECTOR = YES;
				GCC_WARN_UNINITIALIZED_AUTOS = YES_AGGRESSIVE;
				GCC_WARN_UNUSED_FUNCTION = YES;
				GCC_WARN_UNUSED_VARIABLE = YES;
				MTL_ENABLE_DEBUG_INFO = YES;
				ONLY_ACTIVE_ARCH = YES;
				SDKROOT = iphoneos;
				SWIFT_OPTIMIZATION_LEVEL = "-Onone";
				TARGETED_DEVICE_FAMILY = "1,2";
			};
			name = Debug;
		};
		DC72F7311B9675B5002BF906 /* Release */ = {
			isa = XCBuildConfiguration;
			buildSettings = {
				ALWAYS_SEARCH_USER_PATHS = NO;
				CLANG_CXX_LANGUAGE_STANDARD = "gnu++0x";
				CLANG_CXX_LIBRARY = "libc++";
				CLANG_ENABLE_MODULES = YES;
				CLANG_ENABLE_OBJC_ARC = YES;
				CLANG_WARN_BLOCK_CAPTURE_AUTORELEASING = YES;
				CLANG_WARN_BOOL_CONVERSION = YES;
				CLANG_WARN_COMMA = YES;
				CLANG_WARN_CONSTANT_CONVERSION = YES;
				CLANG_WARN_DEPRECATED_OBJC_IMPLEMENTATIONS = YES;
				CLANG_WARN_DIRECT_OBJC_ISA_USAGE = YES_ERROR;
				CLANG_WARN_EMPTY_BODY = YES;
				CLANG_WARN_ENUM_CONVERSION = YES;
				CLANG_WARN_INFINITE_RECURSION = YES;
				CLANG_WARN_INT_CONVERSION = YES;
				CLANG_WARN_NON_LITERAL_NULL_CONVERSION = YES;
				CLANG_WARN_OBJC_IMPLICIT_RETAIN_SELF = YES;
				CLANG_WARN_OBJC_LITERAL_CONVERSION = YES;
				CLANG_WARN_OBJC_ROOT_CLASS = YES_ERROR;
				CLANG_WARN_RANGE_LOOP_ANALYSIS = YES;
				CLANG_WARN_STRICT_PROTOTYPES = YES;
				CLANG_WARN_SUSPICIOUS_MOVE = YES;
				CLANG_WARN_UNREACHABLE_CODE = YES;
				CLANG_WARN__DUPLICATE_METHOD_MATCH = YES;
				"CODE_SIGN_IDENTITY[sdk=iphoneos*]" = "iPhone Developer";
				COPY_PHASE_STRIP = NO;
				DEBUG_INFORMATION_FORMAT = "dwarf-with-dsym";
				ENABLE_NS_ASSERTIONS = NO;
				ENABLE_STRICT_OBJC_MSGSEND = YES;
				GCC_C_LANGUAGE_STANDARD = gnu99;
				GCC_NO_COMMON_BLOCKS = YES;
				GCC_WARN_64_TO_32_BIT_CONVERSION = YES;
				GCC_WARN_ABOUT_RETURN_TYPE = YES_ERROR;
				GCC_WARN_UNDECLARED_SELECTOR = YES;
				GCC_WARN_UNINITIALIZED_AUTOS = YES_AGGRESSIVE;
				GCC_WARN_UNUSED_FUNCTION = YES;
				GCC_WARN_UNUSED_VARIABLE = YES;
				MTL_ENABLE_DEBUG_INFO = NO;
				SDKROOT = iphoneos;
				SWIFT_COMPILATION_MODE = wholemodule;
				SWIFT_OPTIMIZATION_LEVEL = "-O";
				TARGETED_DEVICE_FAMILY = "1,2";
				VALIDATE_PRODUCT = YES;
			};
			name = Release;
		};
		DC72F7331B9675B5002BF906 /* Debug */ = {
			isa = XCBuildConfiguration;
			buildSettings = {
				ASSETCATALOG_COMPILER_APPICON_NAME = AppIcon;
				DEVELOPMENT_TEAM = 55K7THBUV8;
				INFOPLIST_FILE = "SO-32342486/Info.plist";
				LD_RUNPATH_SEARCH_PATHS = (
					"$(inherited)",
					"@executable_path/Frameworks",
				);
				PRODUCT_BUNDLE_IDENTIFIER = "com.swiftarchitect.SO-32342486";
				PRODUCT_NAME = "$(TARGET_NAME)";
				SWIFT_SWIFT3_OBJC_INFERENCE = Default;
				SWIFT_VERSION = 4.0;
			};
			name = Debug;
		};
		DC72F7341B9675B5002BF906 /* Release */ = {
			isa = XCBuildConfiguration;
			buildSettings = {
				ASSETCATALOG_COMPILER_APPICON_NAME = AppIcon;
				DEVELOPMENT_TEAM = 55K7THBUV8;
				INFOPLIST_FILE = "SO-32342486/Info.plist";
				LD_RUNPATH_SEARCH_PATHS = (
					"$(inherited)",
					"@executable_path/Frameworks",
				);
				PRODUCT_BUNDLE_IDENTIFIER = "com.swiftarchitect.SO-32342486";
				PRODUCT_NAME = "$(TARGET_NAME)";
				SWIFT_SWIFT3_OBJC_INFERENCE = Default;
				SWIFT_VERSION = 4.0;
			};
			name = Release;
		};
/* End XCBuildConfiguration section */

/* Begin XCConfigurationList section */
		DC72F71B1B9675B5002BF906 /* Build configuration list for PBXProject "SO-32342486" */ = {
			isa = XCConfigurationList;
			buildConfigurations = (
				DC72F7301B9675B5002BF906 /* Debug */,
				DC72F7311B9675B5002BF906 /* Release */,
			);
			defaultConfigurationIsVisible = 0;
			defaultConfigurationName = Release;
		};
		DC72F7321B9675B5002BF906 /* Build configuration list for PBXNativeTarget "SO-32342486" */ = {
			isa = XCConfigurationList;
			buildConfigurations = (
				DC72F7331B9675B5002BF906 /* Debug */,
				DC72F7341B9675B5002BF906 /* Release */,
			);
			defaultConfigurationIsVisible = 0;
			defaultConfigurationName = Release;
		};
/* End XCConfigurationList section */
	};
	rootObject = DC72F7181B9675B5002BF906 /* Project object */;
}
